
Microsoft Visual Studio Solution File, Format Version 12.00
# Visual Studio Version 17
VisualStudioVersion = 17.1.32328.378
MinimumVisualStudioVersion = 10.0.40219.1
Project("{9A19103F-16F7-4668-BE54-9A1E7A4F7556}") = "ilkConsole", "ilkConsole\ilkConsole.csproj", "{A3D3F9F8-C141-4777-BADA-A82CDC6C8E50}"
EndProject
Project("{9A19103F-16F7-4668-BE54-9A1E7A4F7556}") = "AritmetikIslemler", "AritmetikIslemler\AritmetikIslemler.csproj", "{3A2A48AD-1C99-43E6-BB38-51606FF54DD2}"
EndProject
Project("{9A19103F-16F7-4668-BE54-9A1E7A4F7556}") = "tryCatch", "tryCatch\tryCatch.csproj", "{4551D623-F103-4363-855A-F830DEE9A967}"
EndProject
Project("{9A19103F-16F7-4668-BE54-9A1E7A4F7556}") = "KararYapilari", "KararYapilari\KararYapilari.csproj", "{5FD3F50A-8109-4479-AED4-52585ED96F20}"
EndProject
Project("{FAE04EC0-301F-11D3-BF4B-00C04F79EFBC}") = "SwitchCase", "SwitchCase\SwitchCase.csproj", "{FF0B692B-5A14-407B-A8C2-EA2C6C002F8A}"
EndProject
Global
	GlobalSection(SolutionConfigurationPlatforms) = preSolution
		Debug|Any CPU = Debug|Any CPU
		Release|Any CPU = Release|Any CPU
	EndGlobalSection
	GlobalSection(ProjectConfigurationPlatforms) = postSolution
		{A3D3F9F8-C141-4777-BADA-A82CDC6C8E50}.Debug|Any CPU.ActiveCfg = Debug|Any CPU
		{A3D3F9F8-C141-4777-BADA-A82CDC6C8E50}.Debug|Any CPU.Build.0 = Debug|Any CPU
		{A3D3F9F8-C141-4777-BADA-A82CDC6C8E50}.Release|Any CPU.ActiveCfg = Release|Any CPU
		{A3D3F9F8-C141-4777-BADA-A82CDC6C8E50}.Release|Any CPU.Build.0 = Release|Any CPU
		{3A2A48AD-1C99-43E6-BB38-51606FF54DD2}.Debug|Any CPU.ActiveCfg = Debug|Any CPU
		{3A2A48AD-1C99-43E6-BB38-51606FF54DD2}.Debug|Any CPU.Build.0 = Debug|Any CPU
		{3A2A48AD-1C99-43E6-BB38-51606FF54DD2}.Release|Any CPU.ActiveCfg = Release|Any CPU
		{3A2A48AD-1C99-43E6-BB38-51606FF54DD2}.Release|Any CPU.Build.0 = Release|Any CPU
		{4551D623-F103-4363-855A-F830DEE9A967}.Debug|Any CPU.ActiveCfg = Debug|Any CPU
		{4551D623-F103-4363-855A-F830DEE9A967}.Debug|Any CPU.Build.0 = Debug|Any CPU
		{4551D623-F103-4363-855A-F830DEE9A967}.Release|Any CPU.ActiveCfg = Release|Any CPU
		{4551D623-F103-4363-855A-F830DEE9A967}.Release|Any CPU.Build.0 = Release|Any CPU
		{5FD3F50A-8109-4479-AED4-52585ED96F20}.Debug|Any CPU.ActiveCfg = Debug|Any CPU
		{5FD3F50A-8109-4479-AED4-52585ED96F20}.Debug|Any CPU.Build.0 = Debug|Any CPU
		{5FD3F50A-8109-4479-AED4-52585ED96F20}.Release|Any CPU.ActiveCfg = Release|Any CPU
		{5FD3F50A-8109-4479-AED4-52585ED96F20}.Release|Any CPU.Build.0 = Release|Any CPU
		{FF0B692B-5A14-407B-A8C2-EA2C6C002F8A}.Debug|Any CPU.ActiveCfg = Debug|Any CPU
		{FF0B692B-5A14-407B-A8C2-EA2C6C002F8A}.Debug|Any CPU.Build.0 = Debug|Any CPU
		{FF0B692B-5A14-407B-A8C2-EA2C6C002F8A}.Release|Any CPU.ActiveCfg = Release|Any CPU
		{FF0B692B-5A14-407B-A8C2-EA2C6C002F8A}.Release|Any CPU.Build.0 = Release|Any CPU
	EndGlobalSection
	GlobalSection(SolutionProperties) = preSolution
		HideSolutionNode = FALSE
	EndGlobalSection
	GlobalSection(ExtensibilityGlobals) = postSolution
		SolutionGuid = {3BD75445-8466-47EB-9889-1A9B5FEAAB5F}
	EndGlobalSection
EndGlobal
