
Microsoft Visual Studio Solution File, Format Version 12.00
# Visual Studio Version 17
VisualStudioVersion = 17.1.32328.378
MinimumVisualStudioVersion = 10.0.40219.1
Project("{9A19103F-16F7-4668-BE54-9A1E7A4F7556}") = "ilkConsole", "ilkConsole\ilkConsole.csproj", "{A3D3F9F8-C141-4777-BADA-A82CDC6C8E50}"
EndProject
Project("{9A19103F-16F7-4668-BE54-9A1E7A4F7556}") = "AritmetikIslemler", "AritmetikIslemler\AritmetikIslemler.csproj", "{3A2A48AD-1C99-43E6-BB38-51606FF54DD2}"
EndProject
Project("{9A19103F-16F7-4668-BE54-9A1E7A4F7556}") = "tryCatch", "tryCatch\tryCatch.csproj", "{4551D623-F103-4363-855A-F830DEE9A967}"
EndProject
Project("{9A19103F-16F7-4668-BE54-9A1E7A4F7556}") = "KararYapilari", "KararYapilari\KararYapilari.csproj", "{5FD3F50A-8109-4479-AED4-52585ED96F20}"
EndProject
Project("{9A19103F-16F7-4668-BE54-9A1E7A4F7556}") = "SwitchCase", "SwitchCase\SwitchCase.csproj", "{FF0B692B-5A14-407B-A8C2-EA2C6C002F8A}"
EndProject
Project("{2150E333-8FDC-42A3-9474-1A3956D46DE8}") = "Donguler", "Donguler", "{F87AEF28-E03C-4692-AE10-4F6C971DA182}"
EndProject
Project("{9A19103F-16F7-4668-BE54-9A1E7A4F7556}") = "WhileDongusu", "WhileDongusu\WhileDongusu.csproj", "{949AE89D-1C97-4DB6-B076-1BBE5E1C22A9}"
EndProject
Project("{9A19103F-16F7-4668-BE54-9A1E7A4F7556}") = "DoWhile", "DoWhile\DoWhile.csproj", "{6BAE3360-A309-44B5-A757-885DC6008DF4}"
EndProject
Project("{9A19103F-16F7-4668-BE54-9A1E7A4F7556}") = "ForDongusu", "ForDongusu\ForDongusu.csproj", "{5F220DE3-4060-45FB-81FE-C4C8A24C4E1B}"
EndProject
Project("{2150E333-8FDC-42A3-9474-1A3956D46DE8}") = "Diziler", "Diziler", "{04F8E201-60EE-4088-979C-09CAAF9781C3}"
EndProject
Project("{9A19103F-16F7-4668-BE54-9A1E7A4F7556}") = "Diziler", "Diziler\Diziler.csproj", "{1672AD35-FBBA-4412-A1F9-C81E70A4B49F}"
EndProject
Project("{9A19103F-16F7-4668-BE54-9A1E7A4F7556}") = "SansOyunlari", "SansOyunlari\SansOyunlari.csproj", "{3A22F87A-06B4-4CD2-BF36-8D100B48F286}"
EndProject
Project("{9A19103F-16F7-4668-BE54-9A1E7A4F7556}") = "ArraySinifi", "ArraySinifi\ArraySinifi.csproj", "{C7DF3B14-D859-4086-8DF2-392BD96D3EA9}"
EndProject
Project("{9A19103F-16F7-4668-BE54-9A1E7A4F7556}") = "Array_List", "ArrayList\Array_List.csproj", "{3C91304D-4F6E-4FEA-8EE0-8E22FC732C20}"
EndProject
Project("{9A19103F-16F7-4668-BE54-9A1E7A4F7556}") = "GenericList", "GenericList\GenericList.csproj", "{A671FA5D-2A34-4873-A6C3-E4970A2B01DA}"
EndProject
Project("{9A19103F-16F7-4668-BE54-9A1E7A4F7556}") = "WinOrnek1", "WinOrnek1\WinOrnek1.csproj", "{8043C9F7-64F6-46BB-A915-7BC89ABB8420}"
EndProject
Project("{2150E333-8FDC-42A3-9474-1A3956D46DE8}") = "Metodlar", "Metodlar", "{50BB6B81-9C79-48A3-84E7-A686C58FC3FD}"
EndProject
Project("{9A19103F-16F7-4668-BE54-9A1E7A4F7556}") = "MetodIntro", "Metot\MetodIntro.csproj", "{0954C91C-8716-4704-9C2A-AB5B8758866D}"
EndProject
Project("{9A19103F-16F7-4668-BE54-9A1E7A4F7556}") = "VoidMetodlar", "VoidMetodlar\VoidMetodlar.csproj", "{BCACA1E5-1639-47FC-9D8C-C03F14E1CF6E}"
EndProject
Project("{9A19103F-16F7-4668-BE54-9A1E7A4F7556}") = "ParametreliMetodlar", "ParametreliMetodlar\ParametreliMetodlar.csproj", "{867259DE-EA2D-4131-86DB-349BF293AAA8}"
EndProject
Project("{9A19103F-16F7-4668-BE54-9A1E7A4F7556}") = "HazirMetotlar", "HazirMetotlar\HazirMetotlar.csproj", "{1A8D3DE2-46B3-4452-80C5-AA4329FCF759}"
EndProject
Project("{9A19103F-16F7-4668-BE54-9A1E7A4F7556}") = "WinSansur", "WinSansur\WinSansur.csproj", "{096DC0AC-6BFE-4032-9013-C1F4F6F2DF94}"
EndProject
Project("{9A19103F-16F7-4668-BE54-9A1E7A4F7556}") = "TarihMetodlari", "TarihMetodlari\TarihMetodlari.csproj", "{5B7A55A9-85FA-4ACC-90B9-72B3D497292F}"
EndProject
Project("{9A19103F-16F7-4668-BE54-9A1E7A4F7556}") = "MatematikMetodlari", "MatematikMetodlari\MatematikMetodlari.csproj", "{385D2591-6BF0-4289-8BEC-72835A6CCA6A}"
EndProject
Project("{9A19103F-16F7-4668-BE54-9A1E7A4F7556}") = "System_IO", "System_IO\System_IO.csproj", "{8EF6DE3C-9C5F-446D-A024-4D66FC1FB65E}"
EndProject
Project("{FAE04EC0-301F-11D3-BF4B-00C04F79EFBC}") = "OutParametre", "OutParametre\OutParametre.csproj", "{5DCCCDEF-2CBD-4028-A744-91B7AE18EFEE}"
EndProject
Project("{FAE04EC0-301F-11D3-BF4B-00C04F79EFBC}") = "RefParametre", "RefParametre\RefParametre.csproj", "{4540C700-CEF0-48AB-8C63-2BCAC01FDB06}"
EndProject
Project("{FAE04EC0-301F-11D3-BF4B-00C04F79EFBC}") = "RecursiveMetodlar", "RecursiveMetodlar\RecursiveMetodlar.csproj", "{578455BA-722A-407B-9977-8BDC54BC0A5D}"
EndProject
Project("{FAE04EC0-301F-11D3-BF4B-00C04F79EFBC}") = "SystemIOWinForm", "SystemIOWinForm\SystemIOWinForm.csproj", "{E18811A5-2D78-42A6-98DE-F43081D7A2C0}"
EndProject
Global
	GlobalSection(SolutionConfigurationPlatforms) = preSolution
		Debug|Any CPU = Debug|Any CPU
		Release|Any CPU = Release|Any CPU
	EndGlobalSection
	GlobalSection(ProjectConfigurationPlatforms) = postSolution
		{A3D3F9F8-C141-4777-BADA-A82CDC6C8E50}.Debug|Any CPU.ActiveCfg = Debug|Any CPU
		{A3D3F9F8-C141-4777-BADA-A82CDC6C8E50}.Debug|Any CPU.Build.0 = Debug|Any CPU
		{A3D3F9F8-C141-4777-BADA-A82CDC6C8E50}.Release|Any CPU.ActiveCfg = Release|Any CPU
		{A3D3F9F8-C141-4777-BADA-A82CDC6C8E50}.Release|Any CPU.Build.0 = Release|Any CPU
		{3A2A48AD-1C99-43E6-BB38-51606FF54DD2}.Debug|Any CPU.ActiveCfg = Debug|Any CPU
		{3A2A48AD-1C99-43E6-BB38-51606FF54DD2}.Debug|Any CPU.Build.0 = Debug|Any CPU
		{3A2A48AD-1C99-43E6-BB38-51606FF54DD2}.Release|Any CPU.ActiveCfg = Release|Any CPU
		{3A2A48AD-1C99-43E6-BB38-51606FF54DD2}.Release|Any CPU.Build.0 = Release|Any CPU
		{4551D623-F103-4363-855A-F830DEE9A967}.Debug|Any CPU.ActiveCfg = Debug|Any CPU
		{4551D623-F103-4363-855A-F830DEE9A967}.Debug|Any CPU.Build.0 = Debug|Any CPU
		{4551D623-F103-4363-855A-F830DEE9A967}.Release|Any CPU.ActiveCfg = Release|Any CPU
		{4551D623-F103-4363-855A-F830DEE9A967}.Release|Any CPU.Build.0 = Release|Any CPU
		{5FD3F50A-8109-4479-AED4-52585ED96F20}.Debug|Any CPU.ActiveCfg = Debug|Any CPU
		{5FD3F50A-8109-4479-AED4-52585ED96F20}.Debug|Any CPU.Build.0 = Debug|Any CPU
		{5FD3F50A-8109-4479-AED4-52585ED96F20}.Release|Any CPU.ActiveCfg = Release|Any CPU
		{5FD3F50A-8109-4479-AED4-52585ED96F20}.Release|Any CPU.Build.0 = Release|Any CPU
		{FF0B692B-5A14-407B-A8C2-EA2C6C002F8A}.Debug|Any CPU.ActiveCfg = Debug|Any CPU
		{FF0B692B-5A14-407B-A8C2-EA2C6C002F8A}.Debug|Any CPU.Build.0 = Debug|Any CPU
		{FF0B692B-5A14-407B-A8C2-EA2C6C002F8A}.Release|Any CPU.ActiveCfg = Release|Any CPU
		{FF0B692B-5A14-407B-A8C2-EA2C6C002F8A}.Release|Any CPU.Build.0 = Release|Any CPU
		{949AE89D-1C97-4DB6-B076-1BBE5E1C22A9}.Debug|Any CPU.ActiveCfg = Debug|Any CPU
		{949AE89D-1C97-4DB6-B076-1BBE5E1C22A9}.Debug|Any CPU.Build.0 = Debug|Any CPU
		{949AE89D-1C97-4DB6-B076-1BBE5E1C22A9}.Release|Any CPU.ActiveCfg = Release|Any CPU
		{949AE89D-1C97-4DB6-B076-1BBE5E1C22A9}.Release|Any CPU.Build.0 = Release|Any CPU
		{6BAE3360-A309-44B5-A757-885DC6008DF4}.Debug|Any CPU.ActiveCfg = Debug|Any CPU
		{6BAE3360-A309-44B5-A757-885DC6008DF4}.Debug|Any CPU.Build.0 = Debug|Any CPU
		{6BAE3360-A309-44B5-A757-885DC6008DF4}.Release|Any CPU.ActiveCfg = Release|Any CPU
		{6BAE3360-A309-44B5-A757-885DC6008DF4}.Release|Any CPU.Build.0 = Release|Any CPU
		{5F220DE3-4060-45FB-81FE-C4C8A24C4E1B}.Debug|Any CPU.ActiveCfg = Debug|Any CPU
		{5F220DE3-4060-45FB-81FE-C4C8A24C4E1B}.Debug|Any CPU.Build.0 = Debug|Any CPU
		{5F220DE3-4060-45FB-81FE-C4C8A24C4E1B}.Release|Any CPU.ActiveCfg = Release|Any CPU
		{5F220DE3-4060-45FB-81FE-C4C8A24C4E1B}.Release|Any CPU.Build.0 = Release|Any CPU
		{1672AD35-FBBA-4412-A1F9-C81E70A4B49F}.Debug|Any CPU.ActiveCfg = Debug|Any CPU
		{1672AD35-FBBA-4412-A1F9-C81E70A4B49F}.Debug|Any CPU.Build.0 = Debug|Any CPU
		{1672AD35-FBBA-4412-A1F9-C81E70A4B49F}.Release|Any CPU.ActiveCfg = Release|Any CPU
		{1672AD35-FBBA-4412-A1F9-C81E70A4B49F}.Release|Any CPU.Build.0 = Release|Any CPU
		{3A22F87A-06B4-4CD2-BF36-8D100B48F286}.Debug|Any CPU.ActiveCfg = Debug|Any CPU
		{3A22F87A-06B4-4CD2-BF36-8D100B48F286}.Debug|Any CPU.Build.0 = Debug|Any CPU
		{3A22F87A-06B4-4CD2-BF36-8D100B48F286}.Release|Any CPU.ActiveCfg = Release|Any CPU
		{3A22F87A-06B4-4CD2-BF36-8D100B48F286}.Release|Any CPU.Build.0 = Release|Any CPU
		{C7DF3B14-D859-4086-8DF2-392BD96D3EA9}.Debug|Any CPU.ActiveCfg = Debug|Any CPU
		{C7DF3B14-D859-4086-8DF2-392BD96D3EA9}.Debug|Any CPU.Build.0 = Debug|Any CPU
		{C7DF3B14-D859-4086-8DF2-392BD96D3EA9}.Release|Any CPU.ActiveCfg = Release|Any CPU
		{C7DF3B14-D859-4086-8DF2-392BD96D3EA9}.Release|Any CPU.Build.0 = Release|Any CPU
		{3C91304D-4F6E-4FEA-8EE0-8E22FC732C20}.Debug|Any CPU.ActiveCfg = Debug|Any CPU
		{3C91304D-4F6E-4FEA-8EE0-8E22FC732C20}.Debug|Any CPU.Build.0 = Debug|Any CPU
		{3C91304D-4F6E-4FEA-8EE0-8E22FC732C20}.Release|Any CPU.ActiveCfg = Release|Any CPU
		{3C91304D-4F6E-4FEA-8EE0-8E22FC732C20}.Release|Any CPU.Build.0 = Release|Any CPU
		{A671FA5D-2A34-4873-A6C3-E4970A2B01DA}.Debug|Any CPU.ActiveCfg = Debug|Any CPU
		{A671FA5D-2A34-4873-A6C3-E4970A2B01DA}.Debug|Any CPU.Build.0 = Debug|Any CPU
		{A671FA5D-2A34-4873-A6C3-E4970A2B01DA}.Release|Any CPU.ActiveCfg = Release|Any CPU
		{A671FA5D-2A34-4873-A6C3-E4970A2B01DA}.Release|Any CPU.Build.0 = Release|Any CPU
		{8043C9F7-64F6-46BB-A915-7BC89ABB8420}.Debug|Any CPU.ActiveCfg = Debug|Any CPU
		{8043C9F7-64F6-46BB-A915-7BC89ABB8420}.Debug|Any CPU.Build.0 = Debug|Any CPU
		{8043C9F7-64F6-46BB-A915-7BC89ABB8420}.Release|Any CPU.ActiveCfg = Release|Any CPU
		{8043C9F7-64F6-46BB-A915-7BC89ABB8420}.Release|Any CPU.Build.0 = Release|Any CPU
		{0954C91C-8716-4704-9C2A-AB5B8758866D}.Debug|Any CPU.ActiveCfg = Debug|Any CPU
		{0954C91C-8716-4704-9C2A-AB5B8758866D}.Debug|Any CPU.Build.0 = Debug|Any CPU
		{0954C91C-8716-4704-9C2A-AB5B8758866D}.Release|Any CPU.ActiveCfg = Release|Any CPU
		{0954C91C-8716-4704-9C2A-AB5B8758866D}.Release|Any CPU.Build.0 = Release|Any CPU
		{BCACA1E5-1639-47FC-9D8C-C03F14E1CF6E}.Debug|Any CPU.ActiveCfg = Debug|Any CPU
		{BCACA1E5-1639-47FC-9D8C-C03F14E1CF6E}.Debug|Any CPU.Build.0 = Debug|Any CPU
		{BCACA1E5-1639-47FC-9D8C-C03F14E1CF6E}.Release|Any CPU.ActiveCfg = Release|Any CPU
		{BCACA1E5-1639-47FC-9D8C-C03F14E1CF6E}.Release|Any CPU.Build.0 = Release|Any CPU
		{867259DE-EA2D-4131-86DB-349BF293AAA8}.Debug|Any CPU.ActiveCfg = Debug|Any CPU
		{867259DE-EA2D-4131-86DB-349BF293AAA8}.Debug|Any CPU.Build.0 = Debug|Any CPU
		{867259DE-EA2D-4131-86DB-349BF293AAA8}.Release|Any CPU.ActiveCfg = Release|Any CPU
		{867259DE-EA2D-4131-86DB-349BF293AAA8}.Release|Any CPU.Build.0 = Release|Any CPU
		{1A8D3DE2-46B3-4452-80C5-AA4329FCF759}.Debug|Any CPU.ActiveCfg = Debug|Any CPU
		{1A8D3DE2-46B3-4452-80C5-AA4329FCF759}.Debug|Any CPU.Build.0 = Debug|Any CPU
		{1A8D3DE2-46B3-4452-80C5-AA4329FCF759}.Release|Any CPU.ActiveCfg = Release|Any CPU
		{1A8D3DE2-46B3-4452-80C5-AA4329FCF759}.Release|Any CPU.Build.0 = Release|Any CPU
		{096DC0AC-6BFE-4032-9013-C1F4F6F2DF94}.Debug|Any CPU.ActiveCfg = Debug|Any CPU
		{096DC0AC-6BFE-4032-9013-C1F4F6F2DF94}.Debug|Any CPU.Build.0 = Debug|Any CPU
		{096DC0AC-6BFE-4032-9013-C1F4F6F2DF94}.Release|Any CPU.ActiveCfg = Release|Any CPU
		{096DC0AC-6BFE-4032-9013-C1F4F6F2DF94}.Release|Any CPU.Build.0 = Release|Any CPU
		{5B7A55A9-85FA-4ACC-90B9-72B3D497292F}.Debug|Any CPU.ActiveCfg = Debug|Any CPU
		{5B7A55A9-85FA-4ACC-90B9-72B3D497292F}.Debug|Any CPU.Build.0 = Debug|Any CPU
		{5B7A55A9-85FA-4ACC-90B9-72B3D497292F}.Release|Any CPU.ActiveCfg = Release|Any CPU
		{5B7A55A9-85FA-4ACC-90B9-72B3D497292F}.Release|Any CPU.Build.0 = Release|Any CPU
		{385D2591-6BF0-4289-8BEC-72835A6CCA6A}.Debug|Any CPU.ActiveCfg = Debug|Any CPU
		{385D2591-6BF0-4289-8BEC-72835A6CCA6A}.Debug|Any CPU.Build.0 = Debug|Any CPU
		{385D2591-6BF0-4289-8BEC-72835A6CCA6A}.Release|Any CPU.ActiveCfg = Release|Any CPU
		{385D2591-6BF0-4289-8BEC-72835A6CCA6A}.Release|Any CPU.Build.0 = Release|Any CPU
		{8EF6DE3C-9C5F-446D-A024-4D66FC1FB65E}.Debug|Any CPU.ActiveCfg = Debug|Any CPU
		{8EF6DE3C-9C5F-446D-A024-4D66FC1FB65E}.Debug|Any CPU.Build.0 = Debug|Any CPU
		{8EF6DE3C-9C5F-446D-A024-4D66FC1FB65E}.Release|Any CPU.ActiveCfg = Release|Any CPU
		{8EF6DE3C-9C5F-446D-A024-4D66FC1FB65E}.Release|Any CPU.Build.0 = Release|Any CPU
		{5DCCCDEF-2CBD-4028-A744-91B7AE18EFEE}.Debug|Any CPU.ActiveCfg = Debug|Any CPU
		{5DCCCDEF-2CBD-4028-A744-91B7AE18EFEE}.Debug|Any CPU.Build.0 = Debug|Any CPU
		{5DCCCDEF-2CBD-4028-A744-91B7AE18EFEE}.Release|Any CPU.ActiveCfg = Release|Any CPU
		{5DCCCDEF-2CBD-4028-A744-91B7AE18EFEE}.Release|Any CPU.Build.0 = Release|Any CPU
		{4540C700-CEF0-48AB-8C63-2BCAC01FDB06}.Debug|Any CPU.ActiveCfg = Debug|Any CPU
		{4540C700-CEF0-48AB-8C63-2BCAC01FDB06}.Debug|Any CPU.Build.0 = Debug|Any CPU
		{4540C700-CEF0-48AB-8C63-2BCAC01FDB06}.Release|Any CPU.ActiveCfg = Release|Any CPU
		{4540C700-CEF0-48AB-8C63-2BCAC01FDB06}.Release|Any CPU.Build.0 = Release|Any CPU
		{578455BA-722A-407B-9977-8BDC54BC0A5D}.Debug|Any CPU.ActiveCfg = Debug|Any CPU
		{578455BA-722A-407B-9977-8BDC54BC0A5D}.Debug|Any CPU.Build.0 = Debug|Any CPU
		{578455BA-722A-407B-9977-8BDC54BC0A5D}.Release|Any CPU.ActiveCfg = Release|Any CPU
		{578455BA-722A-407B-9977-8BDC54BC0A5D}.Release|Any CPU.Build.0 = Release|Any CPU
		{E18811A5-2D78-42A6-98DE-F43081D7A2C0}.Debug|Any CPU.ActiveCfg = Debug|Any CPU
		{E18811A5-2D78-42A6-98DE-F43081D7A2C0}.Debug|Any CPU.Build.0 = Debug|Any CPU
		{E18811A5-2D78-42A6-98DE-F43081D7A2C0}.Release|Any CPU.ActiveCfg = Release|Any CPU
		{E18811A5-2D78-42A6-98DE-F43081D7A2C0}.Release|Any CPU.Build.0 = Release|Any CPU
	EndGlobalSection
	GlobalSection(SolutionProperties) = preSolution
		HideSolutionNode = FALSE
	EndGlobalSection
	GlobalSection(NestedProjects) = preSolution
		{949AE89D-1C97-4DB6-B076-1BBE5E1C22A9} = {F87AEF28-E03C-4692-AE10-4F6C971DA182}
		{6BAE3360-A309-44B5-A757-885DC6008DF4} = {F87AEF28-E03C-4692-AE10-4F6C971DA182}
		{5F220DE3-4060-45FB-81FE-C4C8A24C4E1B} = {F87AEF28-E03C-4692-AE10-4F6C971DA182}
		{1672AD35-FBBA-4412-A1F9-C81E70A4B49F} = {04F8E201-60EE-4088-979C-09CAAF9781C3}
		{3A22F87A-06B4-4CD2-BF36-8D100B48F286} = {04F8E201-60EE-4088-979C-09CAAF9781C3}
		{C7DF3B14-D859-4086-8DF2-392BD96D3EA9} = {04F8E201-60EE-4088-979C-09CAAF9781C3}
		{3C91304D-4F6E-4FEA-8EE0-8E22FC732C20} = {04F8E201-60EE-4088-979C-09CAAF9781C3}
		{A671FA5D-2A34-4873-A6C3-E4970A2B01DA} = {04F8E201-60EE-4088-979C-09CAAF9781C3}
		{8043C9F7-64F6-46BB-A915-7BC89ABB8420} = {04F8E201-60EE-4088-979C-09CAAF9781C3}
		{0954C91C-8716-4704-9C2A-AB5B8758866D} = {50BB6B81-9C79-48A3-84E7-A686C58FC3FD}
		{BCACA1E5-1639-47FC-9D8C-C03F14E1CF6E} = {50BB6B81-9C79-48A3-84E7-A686C58FC3FD}
		{867259DE-EA2D-4131-86DB-349BF293AAA8} = {50BB6B81-9C79-48A3-84E7-A686C58FC3FD}
		{1A8D3DE2-46B3-4452-80C5-AA4329FCF759} = {50BB6B81-9C79-48A3-84E7-A686C58FC3FD}
		{096DC0AC-6BFE-4032-9013-C1F4F6F2DF94} = {50BB6B81-9C79-48A3-84E7-A686C58FC3FD}
		{5B7A55A9-85FA-4ACC-90B9-72B3D497292F} = {50BB6B81-9C79-48A3-84E7-A686C58FC3FD}
		{385D2591-6BF0-4289-8BEC-72835A6CCA6A} = {50BB6B81-9C79-48A3-84E7-A686C58FC3FD}
		{8EF6DE3C-9C5F-446D-A024-4D66FC1FB65E} = {50BB6B81-9C79-48A3-84E7-A686C58FC3FD}
		{5DCCCDEF-2CBD-4028-A744-91B7AE18EFEE} = {50BB6B81-9C79-48A3-84E7-A686C58FC3FD}
		{4540C700-CEF0-48AB-8C63-2BCAC01FDB06} = {50BB6B81-9C79-48A3-84E7-A686C58FC3FD}
		{578455BA-722A-407B-9977-8BDC54BC0A5D} = {50BB6B81-9C79-48A3-84E7-A686C58FC3FD}
		{E18811A5-2D78-42A6-98DE-F43081D7A2C0} = {50BB6B81-9C79-48A3-84E7-A686C58FC3FD}
	EndGlobalSection
	GlobalSection(ExtensibilityGlobals) = postSolution
		SolutionGuid = {3BD75445-8466-47EB-9889-1A9B5FEAAB5F}
	EndGlobalSection
EndGlobal
